<?xml version="1.0" encoding="UTF-8" standalone="yes" ?>
<CodeBlocks_project_file>
	<FileVersion major="1" minor="6" />
	<Project>
		<Option title="SceneModeller_API" />
		<Option pch_mode="2" />
		<Option compiler="gcc" />
		<Build>
			<Target title="Release Win32">
				<Option output="SceneModeller" prefix_auto="1" extension_auto="1" />
				<Option object_output="Release Win32" />
				<Option type="3" />
				<Option compiler="gcc" />
				<Option parameters="test.sh" />
				<Option host_application="bash" />
				<Option createDefFile="1" />
				<Option createStaticLib="1" />
				<Compiler>
					<Add option="-DUNICODE" />
					<Add option="-DNDEBUG" />
					<Add directory="./GeneratedFiles" />
					<Add directory="$(QTDIR)/include" />
					<Add directory="./GeneratedFiles/Release Win32" />
					<Add directory="$(QTDIR)/include/QtCore" />
					<Add directory="$(QTDIR)/include/QtGui" />
					<Add directory="$(QTDIR)/include/QtXml" />
					<Add directory="$(QTDIR)/include/QtOpenGL" />
					<Add directory="./canvas" />
					<Add directory="./menu" />
					<Add directory="./Camera" />
					<Add directory="./windows" />
					<Add directory="./" />
				</Compiler>
				<ResourceCompiler>
					<Add directory="./GeneratedFiles" />
					<Add directory="$(QTDIR)/include" />
					<Add directory="./GeneratedFiles/Release Win32" />
					<Add directory="$(QTDIR)/include/QtCore" />
					<Add directory="$(QTDIR)/include/QtGui" />
					<Add directory="$(QTDIR)/include/QtXml" />
					<Add directory="$(QTDIR)/include/QtOpenGL" />
					<Add directory="./canvas" />
					<Add directory="./menu" />
					<Add directory="./Camera" />
					<Add directory="./windows" />
					<Add directory="./" />
				</ResourceCompiler>
			</Target>
			<Target title="Debug Win32">
				<Option output="SceneModeller-d" prefix_auto="1" extension_auto="1" />
				<Option object_output="Debug Win32" />
				<Option type="3" />
				<Option compiler="gcc" />
				<Option host_application="stereo_viewer-d" />
				<Option createDefFile="1" />
				<Option createStaticLib="1" />
				<Compiler>
					<Add option="-O0" />
					<Add option="-frtti" />
					<Add option="-DUNICODE" />
				</Compiler>
			</Target>
		</Build>
		<Compiler>
			<Add option="-w" />
			<Add option="-DUNIX" />
		</Compiler>
		<Unit filename="CanvasGrid.cpp" />
		<Unit filename="CanvasGrid.h" />
		<Unit filename="RenderController.cpp" />
		<Unit filename="RenderController.h" />
		<Unit filename="SceneDrawer.cpp" />
		<Unit filename="SceneDrawer.h" />
		<Unit filename="common.cpp" />
		<Unit filename="common.h" />
		<Unit filename="core/bbox.cpp" />
		<Unit filename="core/bbox.h" />
		<Unit filename="core/camera.cpp" />
		<Unit filename="core/camera.h" />
		<Unit filename="core/circle.cpp" />
		<Unit filename="core/circle.h" />
		<Unit filename="core/cone.cpp" />
		<Unit filename="core/cone.h" />
		<Unit filename="core/cube.cpp" />
		<Unit filename="core/cube.h" />
		<Unit filename="core/cylinder.cpp" />
		<Unit filename="core/cylinder.h" />
		<Unit filename="core/diffgeometry.cpp" />
		<Unit filename="core/diffgeometry.h" />
		<Unit filename="core/disk.cpp" />
		<Unit filename="core/disk.h" />
		<Unit filename="core/face.cpp" />
		<Unit filename="core/face.h" />
		<Unit filename="core/film.cpp" />
		<Unit filename="core/film.h" />
		<Unit filename="core/gfxobject.cpp" />
		<Unit filename="core/gfxobject.h" />
		<Unit filename="core/integrator.cpp" />
		<Unit filename="core/integrator.h" />
		<Unit filename="core/kdtree.cpp" />
		<Unit filename="core/kdtree.h" />
		<Unit filename="core/light.cpp" />
		<Unit filename="core/light.h" />
		<Unit filename="core/material.cpp" />
		<Unit filename="core/material.h" />
		<Unit filename="core/matrix.cpp" />
		<Unit filename="core/matrix.h" />
		<Unit filename="core/normal3.cpp" />
		<Unit filename="core/normal3.h" />
		<Unit filename="core/octree.cpp" />
		<Unit filename="core/octree.h" />
		<Unit filename="core/partialdisk.cpp" />
		<Unit filename="core/partialdisk.h" />
		<Unit filename="core/point3.cpp" />
		<Unit filename="core/point3.h" />
		<Unit filename="core/primitive.cpp" />
		<Unit filename="core/primitive.h" />
		<Unit filename="core/ray.cpp" />
		<Unit filename="core/ray.h" />
		<Unit filename="core/rectangle.cpp" />
		<Unit filename="core/rectangle.h" />
		<Unit filename="core/sampler.cpp" />
		<Unit filename="core/sampler.h" />
		<Unit filename="core/scene.cpp" />
		<Unit filename="core/scene.h" />
		<Unit filename="core/shape.cpp" />
		<Unit filename="core/shape.h" />
		<Unit filename="core/sphere.cpp" />
		<Unit filename="core/sphere.h" />
		<Unit filename="core/texture.cpp" />
		<Unit filename="core/texture.h" />
		<Unit filename="core/torus.cpp" />
		<Unit filename="core/torus.h" />
		<Unit filename="core/transformation.cpp" />
		<Unit filename="core/transformation.h" />
		<Unit filename="core/triangle.cpp" />
		<Unit filename="core/triangle.h" />
		<Unit filename="core/trianglemesh.cpp" />
		<Unit filename="core/trianglemesh.h" />
		<Unit filename="core/triangleshape.cpp" />
		<Unit filename="core/triangleshape.h" />
		<Unit filename="core/twosidedcylinder.cpp" />
		<Unit filename="core/twosidedcylinder.h" />
		<Unit filename="core/vector3.cpp" />
		<Unit filename="core/vector3.h" />
		<Unit filename="core/vertex.cpp" />
		<Unit filename="core/vertex.h" />
		<Unit filename="editing/EditingCamera.cpp" />
		<Unit filename="editing/EditingCamera.h" />
		<Unit filename="formats/SMIODevice.cpp" />
		<Unit filename="formats/SMIODevice.h" />
		<Unit filename="formats/rawdevice.cpp" />
		<Unit filename="formats/rawdevice.h" />
		<Unit filename="formats/stldevice.cpp" />
		<Unit filename="formats/stldevice.h" />
		<Unit filename="formats/vrml/AnchorNode.cpp" />
		<Unit filename="formats/vrml/AnchorNode.h" />
		<Unit filename="formats/vrml/AppearanceNode.cpp" />
		<Unit filename="formats/vrml/AppearanceNode.h" />
		<Unit filename="formats/vrml/AudioClipNode.cpp" />
		<Unit filename="formats/vrml/AudioClipNode.h" />
		<Unit filename="formats/vrml/BackgroundNode.cpp" />
		<Unit filename="formats/vrml/BackgroundNode.h" />
		<Unit filename="formats/vrml/BillboardNode.cpp" />
		<Unit filename="formats/vrml/BillboardNode.h" />
		<Unit filename="formats/vrml/BindableNode.cpp" />
		<Unit filename="formats/vrml/BindableNode.h" />
		<Unit filename="formats/vrml/BoundingBox.cpp" />
		<Unit filename="formats/vrml/BoundingBox.h" />
		<Unit filename="formats/vrml/BoxNode.cpp" />
		<Unit filename="formats/vrml/BoxNode.h" />
		<Unit filename="formats/vrml/CollisionNode.cpp" />
		<Unit filename="formats/vrml/CollisionNode.h" />
		<Unit filename="formats/vrml/ColorInterpolatorNode.cpp" />
		<Unit filename="formats/vrml/ColorInterpolatorNode.h" />
		<Unit filename="formats/vrml/ColorNode.cpp" />
		<Unit filename="formats/vrml/ColorNode.h" />
		<Unit filename="formats/vrml/ConeNode.cpp" />
		<Unit filename="formats/vrml/ConeNode.h" />
		<Unit filename="formats/vrml/CoordinateInterpolatorNode.cpp" />
		<Unit filename="formats/vrml/CoordinateInterpolatorNode.h" />
		<Unit filename="formats/vrml/CoordinateNode.cpp" />
		<Unit filename="formats/vrml/CoordinateNode.h" />
		<Unit filename="formats/vrml/CyberVRML97.h" />
		<Unit filename="formats/vrml/CylinderNode.cpp" />
		<Unit filename="formats/vrml/CylinderNode.h" />
		<Unit filename="formats/vrml/CylinderSensorNode.cpp" />
		<Unit filename="formats/vrml/CylinderSensorNode.h" />
		<Unit filename="formats/vrml/DEF.cpp" />
		<Unit filename="formats/vrml/DEF.h" />
		<Unit filename="formats/vrml/DEFNode.cpp" />
		<Unit filename="formats/vrml/DEFNode.h" />
		<Unit filename="formats/vrml/DirectionalLightNode.cpp" />
		<Unit filename="formats/vrml/DirectionalLightNode.h" />
		<Unit filename="formats/vrml/ElevationGridNode.cpp" />
		<Unit filename="formats/vrml/ElevationGridNode.h" />
		<Unit filename="formats/vrml/Event.cpp" />
		<Unit filename="formats/vrml/Event.h" />
		<Unit filename="formats/vrml/ExtrusionNode.cpp" />
		<Unit filename="formats/vrml/ExtrusionNode.h" />
		<Unit filename="formats/vrml/Field.cpp" />
		<Unit filename="formats/vrml/Field.h" />
		<Unit filename="formats/vrml/FileGIF89a.cpp" />
		<Unit filename="formats/vrml/FileGIF89a.h" />
		<Unit filename="formats/vrml/FileImage.cpp" />
		<Unit filename="formats/vrml/FileImage.h" />
		<Unit filename="formats/vrml/FileJPEG.cpp" />
		<Unit filename="formats/vrml/FileJPEG.h" />
		<Unit filename="formats/vrml/FilePNG.cpp" />
		<Unit filename="formats/vrml/FilePNG.h" />
		<Unit filename="formats/vrml/FileTarga.cpp" />
		<Unit filename="formats/vrml/FileTarga.h" />
		<Unit filename="formats/vrml/FogNode.cpp" />
		<Unit filename="formats/vrml/FogNode.h" />
		<Unit filename="formats/vrml/FontStyleNode.cpp" />
		<Unit filename="formats/vrml/FontStyleNode.h" />
		<Unit filename="formats/vrml/GeometryNode.cpp" />
		<Unit filename="formats/vrml/GeometryNode.h" />
		<Unit filename="formats/vrml/GroupNode.cpp" />
		<Unit filename="formats/vrml/GroupNode.h" />
		<Unit filename="formats/vrml/GroupingNode.cpp" />
		<Unit filename="formats/vrml/GroupingNode.h" />
		<Unit filename="formats/vrml/ImageTextureNode.cpp" />
		<Unit filename="formats/vrml/ImageTextureNode.h" />
		<Unit filename="formats/vrml/IndexedFaceSetNode.cpp" />
		<Unit filename="formats/vrml/IndexedFaceSetNode.h" />
		<Unit filename="formats/vrml/IndexedLineSetNode.cpp" />
		<Unit filename="formats/vrml/IndexedLineSetNode.h" />
		<Unit filename="formats/vrml/InlineNode.cpp" />
		<Unit filename="formats/vrml/InlineNode.h" />
		<Unit filename="formats/vrml/InterpolatorNode.cpp" />
		<Unit filename="formats/vrml/InterpolatorNode.h" />
		<Unit filename="formats/vrml/JNode.cpp" />
		<Unit filename="formats/vrml/JNode.h" />
		<Unit filename="formats/vrml/JScript.cpp" />
		<Unit filename="formats/vrml/JScript.h" />
		<Unit filename="formats/vrml/JavaVM.cpp" />
		<Unit filename="formats/vrml/JavaVM.h" />
		<Unit filename="formats/vrml/LightNode.cpp" />
		<Unit filename="formats/vrml/LightNode.h" />
		<Unit filename="formats/vrml/LinkedList.h" />
		<Unit filename="formats/vrml/LinkedListNode.h" />
		<Unit filename="formats/vrml/LodNode.cpp" />
		<Unit filename="formats/vrml/LodNode.h" />
		<Unit filename="formats/vrml/MFColor.cpp" />
		<Unit filename="formats/vrml/MFColor.h" />
		<Unit filename="formats/vrml/MFFloat.cpp" />
		<Unit filename="formats/vrml/MFFloat.h" />
		<Unit filename="formats/vrml/MFInt32.cpp" />
		<Unit filename="formats/vrml/MFInt32.h" />
		<Unit filename="formats/vrml/MFRotation.cpp" />
		<Unit filename="formats/vrml/MFRotation.h" />
		<Unit filename="formats/vrml/MFString.cpp" />
		<Unit filename="formats/vrml/MFString.h" />
		<Unit filename="formats/vrml/MFTime.cpp" />
		<Unit filename="formats/vrml/MFTime.h" />
		<Unit filename="formats/vrml/MFVec2f.cpp" />
		<Unit filename="formats/vrml/MFVec2f.h" />
		<Unit filename="formats/vrml/MFVec3f.cpp" />
		<Unit filename="formats/vrml/MFVec3f.h" />
		<Unit filename="formats/vrml/MField.cpp" />
		<Unit filename="formats/vrml/MField.h" />
		<Unit filename="formats/vrml/MaterialNode.cpp" />
		<Unit filename="formats/vrml/MaterialNode.h" />
		<Unit filename="formats/vrml/MathUtil.cpp" />
		<Unit filename="formats/vrml/MathUtil.h" />
		<Unit filename="formats/vrml/MovieTextureNode.cpp" />
		<Unit filename="formats/vrml/MovieTextureNode.h" />
		<Unit filename="formats/vrml/NavigationInfoNode.cpp" />
		<Unit filename="formats/vrml/NavigationInfoNode.h" />
		<Unit filename="formats/vrml/Node.cpp" />
		<Unit filename="formats/vrml/Node.h" />
		<Unit filename="formats/vrml/NodeList.cpp" />
		<Unit filename="formats/vrml/NodeList.h" />
		<Unit filename="formats/vrml/NormalInterpolatorNode.cpp" />
		<Unit filename="formats/vrml/NormalInterpolatorNode.h" />
		<Unit filename="formats/vrml/NormalNode.cpp" />
		<Unit filename="formats/vrml/NormalNode.h" />
		<Unit filename="formats/vrml/OldCpp.h" />
		<Unit filename="formats/vrml/OrientationInterpolatorNode.cpp" />
		<Unit filename="formats/vrml/OrientationInterpolatorNode.h" />
		<Unit filename="formats/vrml/PROTO.cpp" />
		<Unit filename="formats/vrml/PROTO.h" />
		<Unit filename="formats/vrml/Parser.cpp" />
		<Unit filename="formats/vrml/Parser.h" />
		<Unit filename="formats/vrml/ParserNode.cpp" />
		<Unit filename="formats/vrml/ParserNode.h" />
		<Unit filename="formats/vrml/PixelTextureNode.cpp" />
		<Unit filename="formats/vrml/PixelTextureNode.h" />
		<Unit filename="formats/vrml/PlaneSensorNode.cpp" />
		<Unit filename="formats/vrml/PlaneSensorNode.h" />
		<Unit filename="formats/vrml/PointLightNode.cpp" />
		<Unit filename="formats/vrml/PointLightNode.h" />
		<Unit filename="formats/vrml/PointSetNode.cpp" />
		<Unit filename="formats/vrml/PointSetNode.h" />
		<Unit filename="formats/vrml/PositionInterpolatorNode.cpp" />
		<Unit filename="formats/vrml/PositionInterpolatorNode.h" />
		<Unit filename="formats/vrml/ProximitySensorNode.cpp" />
		<Unit filename="formats/vrml/ProximitySensorNode.h" />
		<Unit filename="formats/vrml/RootNode.cpp" />
		<Unit filename="formats/vrml/RootNode.h" />
		<Unit filename="formats/vrml/Route.cpp" />
		<Unit filename="formats/vrml/Route.h" />
		<Unit filename="formats/vrml/RouteList.cpp" />
		<Unit filename="formats/vrml/RouteList.h" />
		<Unit filename="formats/vrml/SFBool.cpp" />
		<Unit filename="formats/vrml/SFBool.h" />
		<Unit filename="formats/vrml/SFColor.cpp" />
		<Unit filename="formats/vrml/SFColor.h" />
		<Unit filename="formats/vrml/SFFloat.cpp" />
		<Unit filename="formats/vrml/SFFloat.h" />
		<Unit filename="formats/vrml/SFImage.cpp" />
		<Unit filename="formats/vrml/SFImage.h" />
		<Unit filename="formats/vrml/SFInt32.cpp" />
		<Unit filename="formats/vrml/SFInt32.h" />
		<Unit filename="formats/vrml/SFMatrix.cpp" />
		<Unit filename="formats/vrml/SFMatrix.h" />
		<Unit filename="formats/vrml/SFNode.cpp" />
		<Unit filename="formats/vrml/SFNode.h" />
		<Unit filename="formats/vrml/SFRotation.cpp" />
		<Unit filename="formats/vrml/SFRotation.h" />
		<Unit filename="formats/vrml/SFString.cpp" />
		<Unit filename="formats/vrml/SFString.h" />
		<Unit filename="formats/vrml/SFTime.cpp" />
		<Unit filename="formats/vrml/SFTime.h" />
		<Unit filename="formats/vrml/SFVec2f.cpp" />
		<Unit filename="formats/vrml/SFVec2f.h" />
		<Unit filename="formats/vrml/SFVec3f.cpp" />
		<Unit filename="formats/vrml/SFVec3f.h" />
		<Unit filename="formats/vrml/ScalarInterpolatorNode.cpp" />
		<Unit filename="formats/vrml/ScalarInterpolatorNode.h" />
		<Unit filename="formats/vrml/SceneGraph.cpp" />
		<Unit filename="formats/vrml/SceneGraph.h" />
		<Unit filename="formats/vrml/ScriptNode.cpp" />
		<Unit filename="formats/vrml/ScriptNode.h" />
		<Unit filename="formats/vrml/SensorNode.cpp" />
		<Unit filename="formats/vrml/SensorNode.h" />
		<Unit filename="formats/vrml/ShapeNode.cpp" />
		<Unit filename="formats/vrml/ShapeNode.h" />
		<Unit filename="formats/vrml/SoundNode.cpp" />
		<Unit filename="formats/vrml/SoundNode.h" />
		<Unit filename="formats/vrml/SphereNode.cpp" />
		<Unit filename="formats/vrml/SphereNode.h" />
		<Unit filename="formats/vrml/SphereSensorNode.cpp" />
		<Unit filename="formats/vrml/SphereSensorNode.h" />
		<Unit filename="formats/vrml/SpotLightNode.cpp" />
		<Unit filename="formats/vrml/SpotLightNode.h" />
		<Unit filename="formats/vrml/String.cpp" />
		<Unit filename="formats/vrml/String.h" />
		<Unit filename="formats/vrml/SwitchNode.cpp" />
		<Unit filename="formats/vrml/SwitchNode.h" />
		<Unit filename="formats/vrml/TextNode.cpp" />
		<Unit filename="formats/vrml/TextNode.h" />
		<Unit filename="formats/vrml/TextureCoordinateNode.cpp" />
		<Unit filename="formats/vrml/TextureCoordinateNode.h" />
		<Unit filename="formats/vrml/TextureNode.cpp" />
		<Unit filename="formats/vrml/TextureNode.h" />
		<Unit filename="formats/vrml/TextureTransformNode.cpp" />
		<Unit filename="formats/vrml/TextureTransformNode.h" />
		<Unit filename="formats/vrml/TimeSensorNode.cpp" />
		<Unit filename="formats/vrml/TimeSensorNode.h" />
		<Unit filename="formats/vrml/TouchSensorNode.cpp" />
		<Unit filename="formats/vrml/TouchSensorNode.h" />
		<Unit filename="formats/vrml/TransformNode.cpp" />
		<Unit filename="formats/vrml/TransformNode.h" />
		<Unit filename="formats/vrml/UrlFile.cpp" />
		<Unit filename="formats/vrml/UrlFile.h" />
		<Unit filename="formats/vrml/VRMLField.h" />
		<Unit filename="formats/vrml/VRMLNodeType.h" />
		<Unit filename="formats/vrml/VRMLNodes.h" />
		<Unit filename="formats/vrml/VRMLParser.cpp" />
		<Unit filename="formats/vrml/VRMLParser.h" />
		<Unit filename="formats/vrml/VRMLSetInfo.cpp" />
		<Unit filename="formats/vrml/VRMLSetInfo.h" />
		<Unit filename="formats/vrml/VRMLString.h" />
		<Unit filename="formats/vrml/Vector.h" />
		<Unit filename="formats/vrml/ViewpointNode.cpp" />
		<Unit filename="formats/vrml/ViewpointNode.h" />
		<Unit filename="formats/vrml/VisibilitySensorNode.cpp" />
		<Unit filename="formats/vrml/VisibilitySensorNode.h" />
		<Unit filename="formats/vrml/WorldInfoNode.cpp" />
		<Unit filename="formats/vrml/WorldInfoNode.h" />
		<Unit filename="formats/vrml/vrml.tab.cpp" />
		<Unit filename="formats/vrml/vrml.tab.h" />
		<Unit filename="formats/vrml/vrml.yy.cpp" />
		<Unit filename="formats/vrmldevice.cpp" />
		<Unit filename="formats/vrmldevice.h" />
		<Unit filename="main.cpp" />
		<Unit filename="sm_api_dll.h" />
		<Unit filename="tinyXML/tinystr.cpp" />
		<Unit filename="tinyXML/tinystr.h" />
		<Unit filename="tinyXML/tinyxml.cpp" />
		<Unit filename="tinyXML/tinyxml.h" />
		<Unit filename="tinyXML/tinyxmlerror.cpp" />
		<Unit filename="tinyXML/tinyxmlparser.cpp" />
		<Unit filename="tools/CameraTool.cpp" />
		<Unit filename="tools/CameraTool.h" />
		<Unit filename="tools/rotationTool.cpp" />
		<Unit filename="tools/rotationTool.h" />
		<Unit filename="tools/scaleTool.cpp" />
		<Unit filename="tools/scaleTool.h" />
		<Unit filename="tools/translationTool.cpp" />
		<Unit filename="tools/translationTool.h" />
		<Extensions>
			<code_completion />
			<envvars />
			<AutoVersioning>
				<Scheme minor_max="10" build_max="0" rev_max="0" rev_rand_max="10" build_times_to_increment_minor="100" />
				<Settings autoincrement="1" date_declarations="1" do_auto_increment="0" ask_to_increment="0" language="C++" svn="0" svn_directory="" header_path="version.h" />
				<Changes_Log show_changes_editor="0" app_title="released version %M.%m.%b of %p" changeslog_path="ChangesLog.txt" />
			</AutoVersioning>
			<debugger />
			<lib_finder disable_auto="1" />
		</Extensions>
	</Project>
</CodeBlocks_project_file>
