<?xml version="1.0" encoding="UTF-8" standalone="yes" ?>
<CodeBlocks_project_file>
	<FileVersion major="1" minor="6" />
	<Project>
		<Option title="Child_Parent_Relations" />
		<Option pch_mode="2" />
		<Option compiler="gcc" />
		<Build>
			<Target title="Debug Win32">
				<Option output="Debug/Child_Parent_Relations" prefix_auto="1" extension_auto="1" />
				<Option object_output="Debug" />
				<Option type="1" />
				<Option compiler="gcc" />
				<Compiler>
					<Add option="-W" />
					<Add option="-g" />
					<Add option="-O0" />
					<Add option="-DWIN32" />
					<Add option="-D_DEBUG" />
					<Add option="-D_CONSOLE" />
				</Compiler>
				<Linker>
					<Add library="../../src/SceneModeller-d.so" />
					<Add directory="../../src/debug" />
				</Linker>
			</Target>
			<Target title="Release Win32">
				<Option output="Release/Child_Parent_Relations" prefix_auto="1" extension_auto="1" />
				<Option object_output="Release" />
				<Option type="1" />
				<Option compiler="gcc" />
				<Compiler>
					<Add option="-W" />
					<Add option="-DWIN32" />
					<Add option="-DNDEBUG" />
					<Add option="-D_CONSOLE" />
				</Compiler>
				<Linker>
					<Add option="-s" />
					<Add library="../../src/SceneModeller.so" />
				</Linker>
			</Target>
		</Build>
		<Linker>
			<Add library="/usr/lib/libX11.so" />
			<Add library="/usr/lib/libpthread.so" />
		</Linker>
		<Unit filename="main.cpp" />
		<Extensions>
			<code_completion />
			<envvars />
			<AutoVersioning>
				<Scheme minor_max="10" build_max="0" rev_max="0" rev_rand_max="10" build_times_to_increment_minor="100" />
				<Settings autoincrement="1" date_declarations="1" do_auto_increment="0" ask_to_increment="0" language="C++" svn="0" svn_directory="" header_path="version.h" />
				<Changes_Log show_changes_editor="0" app_title="released version %M.%m.%b of %p" changeslog_path="ChangesLog.txt" />
			</AutoVersioning>
			<debugger />
			<lib_finder disable_auto="1" />
		</Extensions>
	</Project>
</CodeBlocks_project_file>
