<?xml version="1.0" encoding="UTF-8" standalone="yes" ?>
<CodeBlocks_project_file>
	<FileVersion major="1" minor="6" />
	<Project>
		<Option title="StereoVRMLViewer" />
		<Option pch_mode="2" />
		<Option compiler="gcc" />
		<Build>
			<Target title="Debug">
				<Option output="./stereo_viewer-d" prefix_auto="1" extension_auto="1" />
				<Option object_output="obj/Debug/" />
				<Option type="1" />
				<Option compiler="gcc" />
				<Compiler>
					<Add option="-g" />
				</Compiler>
			</Target>
			<Target title="Release">
				<Option output="./stereo_viewer" prefix_auto="1" extension_auto="1" />
				<Option object_output="obj/Release/" />
				<Option type="1" />
				<Option compiler="gcc" />
				<Compiler>
					<Add option="-O2" />
				</Compiler>
				<Linker>
					<Add option="-s" />
				</Linker>
			</Target>
		</Build>
		<Compiler>
			<Add option="-Wall" />
			<Add directory="/usr/include/opencv" />
			<Add directory="/usr/include/libdc1394" />
		</Compiler>
		<Linker>
			<Add library="/usr/lib/libGL.so" />
			<Add library="/usr/lib/libglut.so" />
			<Add library="/usr/lib/libcwiid.so" />
			<Add library="/usr/lib/libbluetooth.so" />
			<Add library="/usr/lib/libcv.so" />
			<Add library="/usr/lib/libdc1394.so" />
			<Add library="/usr/lib/libhighgui.so" />
			<Add library="/usr/lib/libcx3d.a" />
			<Add library="/usr/lib/libxerces-c.so" />
			<Add library="/usr/lib/libjpeg.so" />
			<Add library="/usr/lib/libpng.so" />
		</Linker>
		<Unit filename="HeadTrackerClient.cpp" />
		<Unit filename="HeadTrackerClient.h" />
		<Unit filename="geometry.cpp" />
		<Unit filename="geometry.h" />
		<Unit filename="main.cpp" />
		<Unit filename="version.h">
			<Option target="Release" />
		</Unit>
		<Unit filename="vrml_io.cpp" />
		<Unit filename="vrml_io.h" />
		<Unit filename="wiimote.h" />
		<Extensions>
			<code_completion />
			<envvars />
			<debugger />
			<lib_finder disable_auto="1" />
			<AutoVersioning>
				<Scheme minor_max="10" build_max="0" rev_max="0" rev_rand_max="10" build_times_to_increment_minor="100" />
				<Settings autoincrement="1" date_declarations="1" do_auto_increment="0" ask_to_increment="0" language="C++" svn="0" svn_directory="" header_path="version.h" />
				<Changes_Log show_changes_editor="0" app_title="released version %M.%m.%b of %p" changeslog_path="ChangesLog.txt" />
			</AutoVersioning>
		</Extensions>
	</Project>
</CodeBlocks_project_file>
